##
## Pick a platform and replace the sequence below with the proper platform
## name, e.g. MPF_PLATFORM_BDX.  MPF is then imported into Quartus with:
##
##   set_global_assignment -name VERILOG_MACRO "MPF_PLATFORM_BDX=1"
##   source <path to BBBs>/BBB_cci_mpf/hw/par/qsf_cci_mpf_PAR_files.qsf
##

## Find the MPF source tree relative to this script
set this_script [dict get [ info frame 0 ] file]
# Pop 3 levels (including the script name) off the path to find the root
set CCI_MPF_SRC [file join {*}[lrange [file split $this_script] 0 end-3]]

## MPF directories
set_global_assignment -name SEARCH_PATH $CCI_MPF_SRC/hw/rtl
set_global_assignment -name SEARCH_PATH $CCI_MPF_SRC/hw/rtl/cci-if
set_global_assignment -name SEARCH_PATH $CCI_MPF_SRC/hw/rtl/cci-mpf-if
set_global_assignment -name SEARCH_PATH $CCI_MPF_SRC/hw/rtl/cci-mpf-prims
set_global_assignment -name SEARCH_PATH $CCI_MPF_SRC/hw/rtl/cci-mpf-shims
set_global_assignment -name SEARCH_PATH $CCI_MPF_SRC/hw/rtl/cci-mpf-shims/cci_mpf_shim_edge
set_global_assignment -name SEARCH_PATH $CCI_MPF_SRC/hw/rtl/cci-mpf-shims/cci_mpf_shim_pwrite
set_global_assignment -name SEARCH_PATH $CCI_MPF_SRC/hw/rtl/cci-mpf-shims/cci_mpf_shim_vtp
set_global_assignment -name SEARCH_PATH $CCI_MPF_SRC/hw/rtl/cci-mpf-shims/cci_mpf_shim_wro
set_global_assignment -name SEARCH_PATH $CCI_MPF_SRC/sw/include/opae/mpf

## Type and interface Packages and header files
set_global_assignment -name SYSTEMVERILOG_FILE $CCI_MPF_SRC/hw/rtl/cci-if/ccis_if_pkg.sv
set_global_assignment -name SYSTEMVERILOG_FILE $CCI_MPF_SRC/hw/rtl/cci-if/ccis_if_funcs_pkg.sv
#set_global_assignment -name SYSTEMVERILOG_FILE $CCI_MPF_SRC/hw/rtl/cci-if/ccip_if_pkg.sv
set_global_assignment -name SYSTEMVERILOG_FILE $CCI_MPF_SRC/hw/rtl/cci-if/ccip_if_funcs_pkg.sv
set_global_assignment -name SYSTEMVERILOG_FILE $CCI_MPF_SRC/hw/rtl/cci-mpf-if/cci_mpf_if_pkg.sv
set_global_assignment -name SYSTEMVERILOG_FILE $CCI_MPF_SRC/hw/rtl/cci-if/cci_csr_if_pkg.sv
set_global_assignment -name SYSTEMVERILOG_FILE $CCI_MPF_SRC/hw/rtl/cci-if/ccip_feature_list_pkg.sv
set_global_assignment -name SYSTEMVERILOG_FILE $CCI_MPF_SRC/hw/rtl/cci_mpf_csrs_pkg.sv
set_global_assignment -name SYSTEMVERILOG_FILE $CCI_MPF_SRC/hw/rtl/cci-mpf-shims/cci_mpf_shim_pkg.sv

## Primary MPF module that instantiates the desired shims
set_global_assignment -name SYSTEMVERILOG_FILE $CCI_MPF_SRC/hw/rtl/cci_mpf.sv
set_global_assignment -name SYSTEMVERILOG_FILE $CCI_MPF_SRC/hw/rtl/cci_mpf_null.sv
set_global_assignment -name SYSTEMVERILOG_FILE $CCI_MPF_SRC/hw/rtl/cci_mpf_pipe_std.sv

## Map CCI wires to MPF's primary interface
set_global_assignment -name SYSTEMVERILOG_FILE $CCI_MPF_SRC/hw/rtl/cci-mpf-if/ccip_wires_to_mpf.sv
set_global_assignment -name SYSTEMVERILOG_FILE $CCI_MPF_SRC/hw/rtl/cci-mpf-if/ccis_wires_to_mpf.sv

## Primitives used by MPF shims
set_global_assignment -name SYSTEMVERILOG_FILE $CCI_MPF_SRC/hw/rtl/cci-mpf-prims/cci_mpf_prim_arb_rr.sv
set_global_assignment -name SYSTEMVERILOG_FILE $CCI_MPF_SRC/hw/rtl/cci-mpf-prims/cci_mpf_prim_fifo1.sv
set_global_assignment -name SYSTEMVERILOG_FILE $CCI_MPF_SRC/hw/rtl/cci-mpf-prims/cci_mpf_prim_fifo2.sv
set_global_assignment -name SYSTEMVERILOG_FILE $CCI_MPF_SRC/hw/rtl/cci-mpf-prims/cci_mpf_prim_fifo_bram.sv
set_global_assignment -name SYSTEMVERILOG_FILE $CCI_MPF_SRC/hw/rtl/cci-mpf-prims/cci_mpf_prim_fifo_lutram.sv
set_global_assignment -name SYSTEMVERILOG_FILE $CCI_MPF_SRC/hw/rtl/cci-mpf-prims/cci_mpf_prim_filter_cam.sv
set_global_assignment -name SYSTEMVERILOG_FILE $CCI_MPF_SRC/hw/rtl/cci-mpf-prims/cci_mpf_prim_filter_counting.sv
set_global_assignment -name SYSTEMVERILOG_FILE $CCI_MPF_SRC/hw/rtl/cci-mpf-prims/cci_mpf_prim_filter_decode.sv
set_global_assignment -name SYSTEMVERILOG_FILE $CCI_MPF_SRC/hw/rtl/cci-mpf-prims/cci_mpf_prim_heap.sv
set_global_assignment -name SYSTEMVERILOG_FILE $CCI_MPF_SRC/hw/rtl/cci-mpf-prims/cci_mpf_prim_lfsr.sv
set_global_assignment -name SYSTEMVERILOG_FILE $CCI_MPF_SRC/hw/rtl/cci-mpf-prims/cci_mpf_prim_lutram.sv
set_global_assignment -name SYSTEMVERILOG_FILE $CCI_MPF_SRC/hw/rtl/cci-mpf-prims/cci_mpf_prim_onehot_to_bin.sv
set_global_assignment -name SYSTEMVERILOG_FILE $CCI_MPF_SRC/hw/rtl/cci-mpf-prims/cci_mpf_prim_ram_dualport.sv
set_global_assignment -name SYSTEMVERILOG_FILE $CCI_MPF_SRC/hw/rtl/cci-mpf-prims/cci_mpf_prim_ram_simple.sv
set_global_assignment -name SYSTEMVERILOG_FILE $CCI_MPF_SRC/hw/rtl/cci-mpf-prims/cci_mpf_prim_repl_lru_pseudo.sv
set_global_assignment -name SYSTEMVERILOG_FILE $CCI_MPF_SRC/hw/rtl/cci-mpf-prims/cci_mpf_prim_repl_random.sv
set_global_assignment -name SYSTEMVERILOG_FILE $CCI_MPF_SRC/hw/rtl/cci-mpf-prims/cci_mpf_prim_rob.sv
set_global_assignment -name SYSTEMVERILOG_FILE $CCI_MPF_SRC/hw/rtl/cci-mpf-prims/cci_mpf_prim_track_multi_write.sv

## MPF shims -- the building blocks of constructed MPF instances
set_global_assignment -name SYSTEMVERILOG_FILE $CCI_MPF_SRC/hw/rtl/cci-mpf-shims/cci_mpf_shim_buffer_afu.sv
set_global_assignment -name SYSTEMVERILOG_FILE $CCI_MPF_SRC/hw/rtl/cci-mpf-shims/cci_mpf_shim_buffer_afu_epoch.sv
set_global_assignment -name SYSTEMVERILOG_FILE $CCI_MPF_SRC/hw/rtl/cci-mpf-shims/cci_mpf_shim_buffer_afu_lockstep.sv
set_global_assignment -name SYSTEMVERILOG_FILE $CCI_MPF_SRC/hw/rtl/cci-mpf-shims/cci_mpf_shim_buffer_fiu.sv
set_global_assignment -name SYSTEMVERILOG_FILE $CCI_MPF_SRC/hw/rtl/cci-mpf-shims/cci_mpf_shim_csr.sv
set_global_assignment -name SYSTEMVERILOG_FILE $CCI_MPF_SRC/hw/rtl/cci-mpf-shims/cci_mpf_shim_dedup_reads.sv
set_global_assignment -name SYSTEMVERILOG_FILE $CCI_MPF_SRC/hw/rtl/cci-mpf-shims/cci_mpf_shim_detect_eop.sv
set_global_assignment -name SYSTEMVERILOG_FILE $CCI_MPF_SRC/hw/rtl/cci-mpf-shims/cci_mpf_shim_edge/cci_mpf_shim_edge_afu.sv
set_global_assignment -name SYSTEMVERILOG_FILE $CCI_MPF_SRC/hw/rtl/cci-mpf-shims/cci_mpf_shim_edge/cci_mpf_shim_edge_fiu.sv
set_global_assignment -name SYSTEMVERILOG_FILE $CCI_MPF_SRC/hw/rtl/cci-mpf-shims/cci_mpf_shim_latency_qos.sv
set_global_assignment -name SYSTEMVERILOG_FILE $CCI_MPF_SRC/hw/rtl/cci-mpf-shims/cci_mpf_shim_mux.sv
set_global_assignment -name SYSTEMVERILOG_FILE $CCI_MPF_SRC/hw/rtl/cci-mpf-shims/cci_mpf_shim_null.sv
set_global_assignment -name SYSTEMVERILOG_FILE $CCI_MPF_SRC/hw/rtl/cci-mpf-shims/cci_mpf_shim_pwrite/cci_mpf_shim_pwrite.sv
set_global_assignment -name SYSTEMVERILOG_FILE $CCI_MPF_SRC/hw/rtl/cci-mpf-shims/cci_mpf_shim_rsp_order.sv
set_global_assignment -name SYSTEMVERILOG_FILE $CCI_MPF_SRC/hw/rtl/cci-mpf-shims/cci_mpf_shim_vc_map.sv
set_global_assignment -name SYSTEMVERILOG_FILE $CCI_MPF_SRC/hw/rtl/cci-mpf-shims/cci_mpf_shim_vtp/cci_mpf_shim_vtp.sv
set_global_assignment -name SYSTEMVERILOG_FILE $CCI_MPF_SRC/hw/rtl/cci-mpf-shims/cci_mpf_shim_vtp/cci_mpf_svc_vtp.sv
set_global_assignment -name SYSTEMVERILOG_FILE $CCI_MPF_SRC/hw/rtl/cci-mpf-shims/cci_mpf_shim_vtp/cci_mpf_svc_vtp_pipe.sv
set_global_assignment -name SYSTEMVERILOG_FILE $CCI_MPF_SRC/hw/rtl/cci-mpf-shims/cci_mpf_shim_vtp/cci_mpf_svc_vtp_pt_walk.sv
set_global_assignment -name SYSTEMVERILOG_FILE $CCI_MPF_SRC/hw/rtl/cci-mpf-shims/cci_mpf_shim_vtp/cci_mpf_svc_vtp_tlb.sv
set_global_assignment -name SYSTEMVERILOG_FILE $CCI_MPF_SRC/hw/rtl/cci-mpf-shims/cci_mpf_shim_wro/cci_mpf_shim_wro.sv
set_global_assignment -name SYSTEMVERILOG_FILE $CCI_MPF_SRC/hw/rtl/cci-mpf-shims/cci_mpf_shim_wro/cci_mpf_shim_wro_filter_group.sv
set_global_assignment -name SYSTEMVERILOG_FILE $CCI_MPF_SRC/hw/rtl/cci-mpf-shims/cci_mpf_shim_wro/cci_mpf_shim_wro_epoch_order.sv

## Constraints
set_global_assignment -name SDC_FILE $CCI_MPF_SRC/hw/par/sdc_cci_mpf.sdc
